lockfileVersion: '9.0'

settings:
  autoInstallPeers: true
  excludeLinksFromLockfile: false

importers:

  .:
    devDependencies:
      '@tauri-apps/cli':
        specifier: '>=2.0.0-rc.0'
        version: 2.0.0-rc.13

packages:

  '@tauri-apps/cli-darwin-arm64@2.0.0-rc.13':
    resolution: {integrity: sha512-j2BTeqq0b5073SUr5jLUGWwmQ0Q7/T1uXQZd0hLynYgbL6ZR83afex2ct7i50Qui03er49188EoBWy3vDE/9Kg==}
    engines: {node: '>= 10'}
    cpu: [arm64]
    os: [darwin]

  '@tauri-apps/cli-darwin-x64@2.0.0-rc.13':
    resolution: {integrity: sha512-xj9O2G2aC4XdQtNefJRlk3M+mLchHphefMpkmhxAeeHIFspt24Cr15WO4FnUF/BcSkpIt1Pxdy3XTISECzx3eA==}
    engines: {node: '>= 10'}
    cpu: [x64]
    os: [darwin]

  '@tauri-apps/cli-linux-arm-gnueabihf@2.0.0-rc.13':
    resolution: {integrity: sha512-n/moJC9pP1qDrqxgi825jjlubCQVRQ3D9VVriFaFOJ0mO4uPy+RTf27HLHWxe0MCk92Kxox2v3wzuDF5ldfy3A==}
    engines: {node: '>= 10'}
    cpu: [arm]
    os: [linux]

  '@tauri-apps/cli-linux-arm64-gnu@2.0.0-rc.13':
    resolution: {integrity: sha512-dFIqAADRGjEiS4aTe02ZmVLXmrV/9b6K2vF3I+N/zaBLHQvfRiGfyooXr4EsmyHmen2hHWErUcHe27g17eB4pA==}
    engines: {node: '>= 10'}
    cpu: [arm64]
    os: [linux]

  '@tauri-apps/cli-linux-arm64-musl@2.0.0-rc.13':
    resolution: {integrity: sha512-wc3lJNHfFB7ipux582i490h3uniGq2VakRZGvAIJXsUEWR4t4wcd2t77EXW1eaQMLA5UyiZJ7V3o7NiUJ5q0Hw==}
    engines: {node: '>= 10'}
    cpu: [arm64]
    os: [linux]

  '@tauri-apps/cli-linux-x64-gnu@2.0.0-rc.13':
    resolution: {integrity: sha512-gC2Bmzqnb0R2lHgZ2tqwXJwaohz/kIBhmg1i+4UtNqJHNk96FSdWOPBX2fjvJsclks6WbI4u6y53jFFe9gzu4g==}
    engines: {node: '>= 10'}
    cpu: [x64]
    os: [linux]

  '@tauri-apps/cli-linux-x64-musl@2.0.0-rc.13':
    resolution: {integrity: sha512-lh8qZ4UCt3314LPQgO6GxNtlsZs6M9yvUz6TmHo0SPfxQp4iiRVF/g032Bc1QUZEj7LUtvo9psyWRbzRA660/Q==}
    engines: {node: '>= 10'}
    cpu: [x64]
    os: [linux]

  '@tauri-apps/cli-win32-arm64-msvc@2.0.0-rc.13':
    resolution: {integrity: sha512-09kTW5EPB1Q/Vnnnqu5v32UcPOjaA/+hey7fG1zIvNjjI4C0SZewvlPpffVpn9CQf9HTeBjPFFcadUu5pfFKAg==}
    engines: {node: '>= 10'}
    cpu: [arm64]
    os: [win32]

  '@tauri-apps/cli-win32-ia32-msvc@2.0.0-rc.13':
    resolution: {integrity: sha512-LCSeYLqtcNGIax1GD+ss1JbMDN02Xv2Yg6J54exE7xYG8POD5kS6ZRYxpPeKOSr/tAA6OHBb0EOiZyq4T+mn1g==}
    engines: {node: '>= 10'}
    cpu: [ia32]
    os: [win32]

  '@tauri-apps/cli-win32-x64-msvc@2.0.0-rc.13':
    resolution: {integrity: sha512-lx0QS0pb0jP94k0nzAjd4IdKbchamC0jpfwQ5V0wW7DcW9e2EVGM0HIpQSh2hJgY5M2DBx+ZDnehvzeBxxz3BA==}
    engines: {node: '>= 10'}
    cpu: [x64]
    os: [win32]

  '@tauri-apps/cli@2.0.0-rc.13':
    resolution: {integrity: sha512-Pqn7uqMu3C2X1vnP//dU5TDaE6/PIFH5cbl2FjZiVJErKsjhlIbZMFzrWJTSSBTAK42ZxiEAh+dfw2erTBTjrQ==}
    engines: {node: '>= 10'}
    hasBin: true

snapshots:

  '@tauri-apps/cli-darwin-arm64@2.0.0-rc.13':
    optional: true

  '@tauri-apps/cli-darwin-x64@2.0.0-rc.13':
    optional: true

  '@tauri-apps/cli-linux-arm-gnueabihf@2.0.0-rc.13':
    optional: true

  '@tauri-apps/cli-linux-arm64-gnu@2.0.0-rc.13':
    optional: true

  '@tauri-apps/cli-linux-arm64-musl@2.0.0-rc.13':
    optional: true

  '@tauri-apps/cli-linux-x64-gnu@2.0.0-rc.13':
    optional: true

  '@tauri-apps/cli-linux-x64-musl@2.0.0-rc.13':
    optional: true

  '@tauri-apps/cli-win32-arm64-msvc@2.0.0-rc.13':
    optional: true

  '@tauri-apps/cli-win32-ia32-msvc@2.0.0-rc.13':
    optional: true

  '@tauri-apps/cli-win32-x64-msvc@2.0.0-rc.13':
    optional: true

  '@tauri-apps/cli@2.0.0-rc.13':
    optionalDependencies:
      '@tauri-apps/cli-darwin-arm64': 2.0.0-rc.13
      '@tauri-apps/cli-darwin-x64': 2.0.0-rc.13
      '@tauri-apps/cli-linux-arm-gnueabihf': 2.0.0-rc.13
      '@tauri-apps/cli-linux-arm64-gnu': 2.0.0-rc.13
      '@tauri-apps/cli-linux-arm64-musl': 2.0.0-rc.13
      '@tauri-apps/cli-linux-x64-gnu': 2.0.0-rc.13
      '@tauri-apps/cli-linux-x64-musl': 2.0.0-rc.13
      '@tauri-apps/cli-win32-arm64-msvc': 2.0.0-rc.13
      '@tauri-apps/cli-win32-ia32-msvc': 2.0.0-rc.13
      '@tauri-apps/cli-win32-x64-msvc': 2.0.0-rc.13
