lockfileVersion: '9.0'

settings:
  autoInstallPeers: true
  excludeLinksFromLockfile: false

importers:

  .:
    devDependencies:
      '@tauri-apps/cli':
        specifier: '>=2.0.0-rc.0'
        version: 2.0.0-rc.10

packages:

  '@tauri-apps/cli-darwin-arm64@2.0.0-rc.10':
    resolution: {integrity: sha512-oAuG3n/dIqK5ZedknF1QOgVDlpEepAaaIFHpUi+eIdG1MFp82jgyHqplveVZ95F16j7RhjIMaEhiTF6cGR/baA==}
    engines: {node: '>= 10'}
    cpu: [arm64]
    os: [darwin]

  '@tauri-apps/cli-darwin-x64@2.0.0-rc.10':
    resolution: {integrity: sha512-n4ul0XUBqrA7KbNY6Vo52EBNqTXogYuV2qi5RWR0bIJF/A/vYjZ3LcC1TXXo/X57sDN55LWORrBe4c4Ds8MZrA==}
    engines: {node: '>= 10'}
    cpu: [x64]
    os: [darwin]

  '@tauri-apps/cli-linux-arm-gnueabihf@2.0.0-rc.10':
    resolution: {integrity: sha512-RByz0zRbngps5QMQVsbgCD03TiCMxwAhaZhNtojXQ2AiJFkv1Mu68W/prbpWucw6Ep1nM3/yTIm0aL6ozdh/gw==}
    engines: {node: '>= 10'}
    cpu: [arm]
    os: [linux]

  '@tauri-apps/cli-linux-arm64-gnu@2.0.0-rc.10':
    resolution: {integrity: sha512-ZqpbDIMp5b0jz1ddutJH6S5geLaBEmsMG6eZix+MgcZZRyEfahTMGCq3xkvv+tnrNNq7drvwBISCVSSS0zu3wQ==}
    engines: {node: '>= 10'}
    cpu: [arm64]
    os: [linux]

  '@tauri-apps/cli-linux-arm64-musl@2.0.0-rc.10':
    resolution: {integrity: sha512-EVh1xPqs5bi0aBYbv6Iy1ooFClyK6/wIsNw9DyxWwhPz9I7UNpDAgHm6lOhkMH26Cp/eQPiEA8OdfOLTfCY81A==}
    engines: {node: '>= 10'}
    cpu: [arm64]
    os: [linux]

  '@tauri-apps/cli-linux-x64-gnu@2.0.0-rc.10':
    resolution: {integrity: sha512-ZLcXJbRRMfgSkZdxBegP/4PlXkoVR1zpx2pE7mKkRgyvwJCx+A2f0+IZM+VVu/WRECxAdzVCbgxztTAOoLkdrg==}
    engines: {node: '>= 10'}
    cpu: [x64]
    os: [linux]

  '@tauri-apps/cli-linux-x64-musl@2.0.0-rc.10':
    resolution: {integrity: sha512-IgzRemlQT+SHfb2x8kq32xKGnR3r7S69Ogv5pBKIDX1/G2qQofM6wfy0OHnAyS4Bj0y2lZPjiYQBwmLIkK/BNw==}
    engines: {node: '>= 10'}
    cpu: [x64]
    os: [linux]

  '@tauri-apps/cli-win32-arm64-msvc@2.0.0-rc.10':
    resolution: {integrity: sha512-RmSh5omDiCEZgw1fOhdEFi6MzAQ1rQBmvTM13K2p8XUxxaYb/MHYYZbNEMqxqWvsg4fidZ8hNSqRkB7YCCWWgg==}
    engines: {node: '>= 10'}
    cpu: [arm64]
    os: [win32]

  '@tauri-apps/cli-win32-ia32-msvc@2.0.0-rc.10':
    resolution: {integrity: sha512-6zxZ1KnKqflC5YpJmXZyNNVaRXMdOiRijimua8zLzfoAo+adb6gd8V4o03rZF3BPHtmd35rPkZHlgMlg/th2Bw==}
    engines: {node: '>= 10'}
    cpu: [ia32]
    os: [win32]

  '@tauri-apps/cli-win32-x64-msvc@2.0.0-rc.10':
    resolution: {integrity: sha512-D7L9QnxUJcSykQ9S8AQ0CEdxaw3IMoyAwv2LR7x+w/j7Jg3UsEgnsX5ePkShBiqSmu/UXfSuQeGvAoA8kSLiUw==}
    engines: {node: '>= 10'}
    cpu: [x64]
    os: [win32]

  '@tauri-apps/cli@2.0.0-rc.10':
    resolution: {integrity: sha512-mnoMyeD65DoVWzrLiLRW8Ns5Aktn9Ua7eKTOUEPq+r+1sQtWKxfnYTBEbEWnivduLhJCEDqGP5tyJaPcVXcEzA==}
    engines: {node: '>= 10'}
    hasBin: true

snapshots:

  '@tauri-apps/cli-darwin-arm64@2.0.0-rc.10':
    optional: true

  '@tauri-apps/cli-darwin-x64@2.0.0-rc.10':
    optional: true

  '@tauri-apps/cli-linux-arm-gnueabihf@2.0.0-rc.10':
    optional: true

  '@tauri-apps/cli-linux-arm64-gnu@2.0.0-rc.10':
    optional: true

  '@tauri-apps/cli-linux-arm64-musl@2.0.0-rc.10':
    optional: true

  '@tauri-apps/cli-linux-x64-gnu@2.0.0-rc.10':
    optional: true

  '@tauri-apps/cli-linux-x64-musl@2.0.0-rc.10':
    optional: true

  '@tauri-apps/cli-win32-arm64-msvc@2.0.0-rc.10':
    optional: true

  '@tauri-apps/cli-win32-ia32-msvc@2.0.0-rc.10':
    optional: true

  '@tauri-apps/cli-win32-x64-msvc@2.0.0-rc.10':
    optional: true

  '@tauri-apps/cli@2.0.0-rc.10':
    optionalDependencies:
      '@tauri-apps/cli-darwin-arm64': 2.0.0-rc.10
      '@tauri-apps/cli-darwin-x64': 2.0.0-rc.10
      '@tauri-apps/cli-linux-arm-gnueabihf': 2.0.0-rc.10
      '@tauri-apps/cli-linux-arm64-gnu': 2.0.0-rc.10
      '@tauri-apps/cli-linux-arm64-musl': 2.0.0-rc.10
      '@tauri-apps/cli-linux-x64-gnu': 2.0.0-rc.10
      '@tauri-apps/cli-linux-x64-musl': 2.0.0-rc.10
      '@tauri-apps/cli-win32-arm64-msvc': 2.0.0-rc.10
      '@tauri-apps/cli-win32-ia32-msvc': 2.0.0-rc.10
      '@tauri-apps/cli-win32-x64-msvc': 2.0.0-rc.10
